
Microsoft Visual Studio Solution File, Format Version 12.00
# Visual Studio Version 17
VisualStudioVersion = 17.7.34003.232
MinimumVisualStudioVersion = 10.0.40219.1
Project("{FAE04EC0-301F-11D3-BF4B-00C04F79EFBC}") = "EcoPowerLogistics-Project2-API", "EcoPowerLogistics-Project2-API.csproj", "{EC3AAF6F-D00E-45F4-9B1E-AD979C1A949B}"
EndProject
Global
	GlobalSection(SolutionConfigurationPlatforms) = preSolution
		Debug|Any CPU = Debug|Any CPU
		Release|Any CPU = Release|Any CPU
	EndGlobalSection
	GlobalSection(ProjectConfigurationPlatforms) = postSolution
		{EC3AAF6F-D00E-45F4-9B1E-AD979C1A949B}.Debug|Any CPU.ActiveCfg = Debug|Any CPU
		{EC3AAF6F-D00E-45F4-9B1E-AD979C1A949B}.Debug|Any CPU.Build.0 = Debug|Any CPU
		{EC3AAF6F-D00E-45F4-9B1E-AD979C1A949B}.Release|Any CPU.ActiveCfg = Release|Any CPU
		{EC3AAF6F-D00E-45F4-9B1E-AD979C1A949B}.Release|Any CPU.Build.0 = Release|Any CPU
	EndGlobalSection
	GlobalSection(SolutionProperties) = preSolution
		HideSolutionNode = FALSE
	EndGlobalSection
	GlobalSection(ExtensibilityGlobals) = postSolution
		SolutionGuid = {F9A144A8-B690-421C-A536-E19111119FCF}
	EndGlobalSection
EndGlobal
